# This file is automatically @generated by Cargo.
# It is not intended for manual editing.
version = 4

[[package]]
name = "sagad"
version = "0.9.0"
dependencies = [
 "sagnir",
]

[[package]]
name = "sagnir"
version = "0.9.0"
dependencies = [
 "sagnir-change",
 "sagnir-codec",
 "sagnir-core",
 "sagnir-crypto",
 "sagnir-fact",
 "sagnir-object",
 "sagnir-policy",
 "sagnir-proof",
 "sagnir-store",
 "sagnir-sync",
 "sagnir-worktree",
 "sagnir-world",
]

[[package]]
name = "sagnir-change"
version = "0.9.0"
dependencies = [
 "sagnir-core",
]

[[package]]
name = "sagnir-cli"
version = "0.9.0"
dependencies = [
 "sagnir",
]

[[package]]
name = "sagnir-codec"
version = "0.9.0"
dependencies = [
 "sagnir-core",
]

[[package]]
name = "sagnir-core"
version = "0.9.0"
dependencies = [
 "subtle",
]

[[package]]
name = "sagnir-crypto"
version = "0.9.0"
dependencies = [
 "sagnir-core",
 "sanitization",
]

[[package]]
name = "sagnir-fact"
version = "0.9.0"
dependencies = [
 "sagnir-core",
]

[[package]]
name = "sagnir-object"
version = "0.9.0"
dependencies = [
 "sagnir-codec",
 "sagnir-core",
]

[[package]]
name = "sagnir-policy"
version = "0.9.0"
dependencies = [
 "sagnir-core",
]

[[package]]
name = "sagnir-proof"
version = "0.9.0"
dependencies = [
 "sagnir-core",
 "sagnir-policy",
]

[[package]]
name = "sagnir-store"
version = "0.9.0"
dependencies = [
 "sagnir-core",
]

[[package]]
name = "sagnir-sync"
version = "0.9.0"
dependencies = [
 "sagnir-core",
]

[[package]]
name = "sagnir-worktree"
version = "0.9.0"
dependencies = [
 "sagnir-core",
]

[[package]]
name = "sagnir-world"
version = "0.9.0"
dependencies = [
 "sagnir-core",
]

[[package]]
name = "sanitization"
version = "1.2.2"
source = "registry+https://github.com/rust-lang/crates.io-index"
checksum = "e917ba6e3d60c9756acda8f7e4b5958984b2fb1d7eb501c71e07f04da8c20413"

[[package]]
name = "subtle"
version = "2.6.1"
source = "registry+https://github.com/rust-lang/crates.io-index"
checksum = "13c2bddecc57b384dee18652358fb23172facb8a2c51ccc10d74c157bdea3292"

[[package]]
name = "xtask"
version = "0.9.0"
