# This file is automatically @generated by Cargo.
# It is not intended for manual editing.
version = 4

[[package]]
name = "sagad"
version = "0.1.0"
dependencies = [
 "sagnir",
]

[[package]]
name = "sagnir"
version = "0.1.0"
dependencies = [
 "sagnir-change",
 "sagnir-codec",
 "sagnir-core",
 "sagnir-crypto",
 "sagnir-fact",
 "sagnir-object",
 "sagnir-policy",
 "sagnir-proof",
 "sagnir-store",
 "sagnir-sync",
 "sagnir-worktree",
 "sagnir-world",
]

[[package]]
name = "sagnir-change"
version = "0.1.0"
dependencies = [
 "sagnir-core",
]

[[package]]
name = "sagnir-cli"
version = "0.1.0"
dependencies = [
 "sagnir",
]

[[package]]
name = "sagnir-codec"
version = "0.1.0"
dependencies = [
 "sagnir-core",
]

[[package]]
name = "sagnir-core"
version = "0.1.0"

[[package]]
name = "sagnir-crypto"
version = "0.1.0"
dependencies = [
 "sagnir-core",
]

[[package]]
name = "sagnir-fact"
version = "0.1.0"
dependencies = [
 "sagnir-core",
]

[[package]]
name = "sagnir-object"
version = "0.1.0"
dependencies = [
 "sagnir-codec",
 "sagnir-core",
]

[[package]]
name = "sagnir-policy"
version = "0.1.0"
dependencies = [
 "sagnir-core",
]

[[package]]
name = "sagnir-proof"
version = "0.1.0"
dependencies = [
 "sagnir-policy",
]

[[package]]
name = "sagnir-store"
version = "0.1.0"

[[package]]
name = "sagnir-sync"
version = "0.1.0"
dependencies = [
 "sagnir-core",
]

[[package]]
name = "sagnir-worktree"
version = "0.1.0"
dependencies = [
 "sagnir-core",
]

[[package]]
name = "sagnir-world"
version = "0.1.0"
dependencies = [
 "sagnir-core",
]

[[package]]
name = "xtask"
version = "0.1.0"
