# This file is automatically @generated by Cargo.
# It is not intended for manual editing.
version = 4

[[package]]
name = "cfg-if"
version = "1.0.4"
source = "registry+https://github.com/rust-lang/crates.io-index"
checksum = "9330f8b2ff13f34540b44e946ef35111825727b38d33286ef986142615121801"

[[package]]
name = "getrandom"
version = "0.4.3"
source = "registry+https://github.com/rust-lang/crates.io-index"
checksum = "300e883d756b2e4ec94e02791f39b04b522276138852cfc41d9fb7e904106099"
dependencies = [
 "cfg-if",
 "libc",
 "r-efi",
]

[[package]]
name = "libc"
version = "0.2.186"
source = "registry+https://github.com/rust-lang/crates.io-index"
checksum = "68ab91017fe16c622486840e4c83c9a37afeff978bd239b5293d61ece587de66"

[[package]]
name = "r-efi"
version = "6.0.0"
source = "registry+https://github.com/rust-lang/crates.io-index"
checksum = "f8dcc9c7d52a811697d2151c701e0d08956f92b0e24136cf4cf27b57a6a0d9bf"

[[package]]
name = "sagad"
version = "0.10.0"
dependencies = [
 "sagnir",
]

[[package]]
name = "sagnir"
version = "0.10.0"
dependencies = [
 "sagnir-change",
 "sagnir-codec",
 "sagnir-core",
 "sagnir-crypto",
 "sagnir-fact",
 "sagnir-object",
 "sagnir-policy",
 "sagnir-proof",
 "sagnir-store",
 "sagnir-sync",
 "sagnir-worktree",
 "sagnir-world",
]

[[package]]
name = "sagnir-change"
version = "0.10.0"
dependencies = [
 "sagnir-core",
]

[[package]]
name = "sagnir-cli"
version = "0.10.0"
dependencies = [
 "getrandom",
 "sagnir",
]

[[package]]
name = "sagnir-codec"
version = "0.10.0"
dependencies = [
 "sagnir-core",
]

[[package]]
name = "sagnir-core"
version = "0.10.0"
dependencies = [
 "subtle",
]

[[package]]
name = "sagnir-crypto"
version = "0.10.0"
dependencies = [
 "sagnir-core",
 "sanitization",
]

[[package]]
name = "sagnir-fact"
version = "0.10.0"
dependencies = [
 "sagnir-core",
]

[[package]]
name = "sagnir-object"
version = "0.10.0"
dependencies = [
 "sagnir-codec",
 "sagnir-core",
]

[[package]]
name = "sagnir-policy"
version = "0.10.0"
dependencies = [
 "sagnir-core",
]

[[package]]
name = "sagnir-proof"
version = "0.10.0"
dependencies = [
 "sagnir-core",
 "sagnir-policy",
]

[[package]]
name = "sagnir-store"
version = "0.10.0"
dependencies = [
 "sagnir-core",
]

[[package]]
name = "sagnir-sync"
version = "0.10.0"
dependencies = [
 "sagnir-core",
]

[[package]]
name = "sagnir-worktree"
version = "0.10.0"
dependencies = [
 "sagnir-core",
]

[[package]]
name = "sagnir-world"
version = "0.10.0"
dependencies = [
 "sagnir-core",
]

[[package]]
name = "sanitization"
version = "1.2.4"
source = "registry+https://github.com/rust-lang/crates.io-index"
checksum = "530e428069232d6d07b439cde737f1263aa1b86d534c1348d2190ada082c2335"

[[package]]
name = "subtle"
version = "2.6.1"
source = "registry+https://github.com/rust-lang/crates.io-index"
checksum = "13c2bddecc57b384dee18652358fb23172facb8a2c51ccc10d74c157bdea3292"

[[package]]
name = "xtask"
version = "0.10.0"
